// !$*UTF8*$!
{
	archiveVersion = 1;
	classes = {
	};
	objectVersion = 48;
	objects = {

/* Begin PBXBuildFile section */
		1A2A59C81FA175DD00C9A35C /* PhotoAssetManager.m in Sources */ = {isa = PBXBuildFile; fileRef = 1A2A59C71FA175DD00C9A35C /* PhotoAssetManager.m */; };
		1A2A59CB1FA17C2D00C9A35C /* UIImage+extend.m in Sources */ = {isa = PBXBuildFile; fileRef = 1A2A59CA1FA17C2D00C9A35C /* UIImage+extend.m */; };
		342AE91E1FA0D241008E3E05 /* AppDelegate.m in Sources */ = {isa = PBXBuildFile; fileRef = 342AE91D1FA0D241008E3E05 /* AppDelegate.m */; };
		342AE9211FA0D241008E3E05 /* ViewController.m in Sources */ = {isa = PBXBuildFile; fileRef = 342AE9201FA0D241008E3E05 /* ViewController.m */; };
		342AE9241FA0D241008E3E05 /* Main.storyboard in Resources */ = {isa = PBXBuildFile; fileRef = 342AE9221FA0D241008E3E05 /* Main.storyboard */; };
		342AE9261FA0D241008E3E05 /* Assets.xcassets in Resources */ = {isa = PBXBuildFile; fileRef = 342AE9251FA0D241008E3E05 /* Assets.xcassets */; };
		342AE9291FA0D241008E3E05 /* LaunchScreen.storyboard in Resources */ = {isa = PBXBuildFile; fileRef = 342AE9271FA0D241008E3E05 /* LaunchScreen.storyboard */; };
		342AE92C1FA0D241008E3E05 /* main.m in Sources */ = {isa = PBXBuildFile; fileRef = 342AE92B1FA0D241008E3E05 /* main.m */; };
		342AE9341FA0D656008E3E05 /* PhotoCell.m in Sources */ = {isa = PBXBuildFile; fileRef = 342AE9331FA0D656008E3E05 /* PhotoCell.m */; };
		342AE9371FA0DAC1008E3E05 /* PhotoPickerViewController.m in Sources */ = {isa = PBXBuildFile; fileRef = 342AE9361FA0DAC1008E3E05 /* PhotoPickerViewController.m */; };
/* End PBXBuildFile section */

/* Begin PBXFileReference section */
		1A2A59C61FA175DD00C9A35C /* PhotoAssetManager.h */ = {isa = PBXFileReference; lastKnownFileType = sourcecode.c.h; path = PhotoAssetManager.h; sourceTree = "<group>"; };
		1A2A59C71FA175DD00C9A35C /* PhotoAssetManager.m */ = {isa = PBXFileReference; lastKnownFileType = sourcecode.c.objc; path = PhotoAssetManager.m; sourceTree = "<group>"; };
		1A2A59C91FA17C2D00C9A35C /* UIImage+extend.h */ = {isa = PBXFileReference; lastKnownFileType = sourcecode.c.h; path = "UIImage+extend.h"; sourceTree = "<group>"; };
		1A2A59CA1FA17C2D00C9A35C /* UIImage+extend.m */ = {isa = PBXFileReference; lastKnownFileType = sourcecode.c.objc; path = "UIImage+extend.m"; sourceTree = "<group>"; };
		342AE9191FA0D241008E3E05 /* PhotosPickerDemo.app */ = {isa = PBXFileReference; explicitFileType = wrapper.application; includeInIndex = 0; path = PhotosPickerDemo.app; sourceTree = BUILT_PRODUCTS_DIR; };
		342AE91C1FA0D241008E3E05 /* AppDelegate.h */ = {isa = PBXFileReference; lastKnownFileType = sourcecode.c.h; path = AppDelegate.h; sourceTree = "<group>"; };
		342AE91D1FA0D241008E3E05 /* AppDelegate.m */ = {isa = PBXFileReference; lastKnownFileType = sourcecode.c.objc; path = AppDelegate.m; sourceTree = "<group>"; };
		342AE91F1FA0D241008E3E05 /* ViewController.h */ = {isa = PBXFileReference; lastKnownFileType = sourcecode.c.h; path = ViewController.h; sourceTree = "<group>"; };
		342AE9201FA0D241008E3E05 /* ViewController.m */ = {isa = PBXFileReference; lastKnownFileType = sourcecode.c.objc; path = ViewController.m; sourceTree = "<group>"; };
		342AE9231FA0D241008E3E05 /* Base */ = {isa = PBXFileReference; lastKnownFileType = file.storyboard; name = Base; path = Base.lproj/Main.storyboard; sourceTree = "<group>"; };
		342AE9251FA0D241008E3E05 /* Assets.xcassets */ = {isa = PBXFileReference; lastKnownFileType = folder.assetcatalog; path = Assets.xcassets; sourceTree = "<group>"; };
		342AE9281FA0D241008E3E05 /* Base */ = {isa = PBXFileReference; lastKnownFileType = file.storyboard; name = Base; path = Base.lproj/LaunchScreen.storyboard; sourceTree = "<group>"; };
		342AE92A1FA0D241008E3E05 /* Info.plist */ = {isa = PBXFileReference; lastKnownFileType = text.plist.xml; path = Info.plist; sourceTree = "<group>"; };
		342AE92B1FA0D241008E3E05 /* main.m */ = {isa = PBXFileReference; lastKnownFileType = sourcecode.c.objc; path = main.m; sourceTree = "<group>"; };
		342AE9321FA0D656008E3E05 /* PhotoCell.h */ = {isa = PBXFileReference; lastKnownFileType = sourcecode.c.h; path = PhotoCell.h; sourceTree = "<group>"; };
		342AE9331FA0D656008E3E05 /* PhotoCell.m */ = {isa = PBXFileReference; lastKnownFileType = sourcecode.c.objc; path = PhotoCell.m; sourceTree = "<group>"; };
		342AE9351FA0DAC1008E3E05 /* PhotoPickerViewController.h */ = {isa = PBXFileReference; lastKnownFileType = sourcecode.c.h; path = PhotoPickerViewController.h; sourceTree = "<group>"; };
		342AE9361FA0DAC1008E3E05 /* PhotoPickerViewController.m */ = {isa = PBXFileReference; lastKnownFileType = sourcecode.c.objc; path = PhotoPickerViewController.m; sourceTree = "<group>"; };
/* End PBXFileReference section */

/* Begin PBXFrameworksBuildPhase section */
		342AE9161FA0D241008E3E05 /* Frameworks */ = {
			isa = PBXFrameworksBuildPhase;
			buildActionMask = 2147483647;
			files = (
			);
			runOnlyForDeploymentPostprocessing = 0;
		};
/* End PBXFrameworksBuildPhase section */

/* Begin PBXGroup section */
		342AE9101FA0D241008E3E05 = {
			isa = PBXGroup;
			children = (
				342AE91B1FA0D241008E3E05 /* PhotosPickerDemo */,
				342AE91A1FA0D241008E3E05 /* Products */,
			);
			sourceTree = "<group>";
		};
		342AE91A1FA0D241008E3E05 /* Products */ = {
			isa = PBXGroup;
			children = (
				342AE9191FA0D241008E3E05 /* PhotosPickerDemo.app */,
			);
			name = Products;
			sourceTree = "<group>";
		};
		342AE91B1FA0D241008E3E05 /* PhotosPickerDemo */ = {
			isa = PBXGroup;
			children = (
				342AE91C1FA0D241008E3E05 /* AppDelegate.h */,
				342AE91D1FA0D241008E3E05 /* AppDelegate.m */,
				342AE91F1FA0D241008E3E05 /* ViewController.h */,
				342AE9201FA0D241008E3E05 /* ViewController.m */,
				342AE9321FA0D656008E3E05 /* PhotoCell.h */,
				342AE9331FA0D656008E3E05 /* PhotoCell.m */,
				342AE9351FA0DAC1008E3E05 /* PhotoPickerViewController.h */,
				342AE9361FA0DAC1008E3E05 /* PhotoPickerViewController.m */,
				1A2A59C61FA175DD00C9A35C /* PhotoAssetManager.h */,
				1A2A59C71FA175DD00C9A35C /* PhotoAssetManager.m */,
				1A2A59C91FA17C2D00C9A35C /* UIImage+extend.h */,
				1A2A59CA1FA17C2D00C9A35C /* UIImage+extend.m */,
				342AE9221FA0D241008E3E05 /* Main.storyboard */,
				342AE9251FA0D241008E3E05 /* Assets.xcassets */,
				342AE9271FA0D241008E3E05 /* LaunchScreen.storyboard */,
				342AE92A1FA0D241008E3E05 /* Info.plist */,
				342AE92B1FA0D241008E3E05 /* main.m */,
			);
			path = PhotosPickerDemo;
			sourceTree = "<group>";
		};
/* End PBXGroup section */

/* Begin PBXNativeTarget section */
		342AE9181FA0D241008E3E05 /* PhotosPickerDemo */ = {
			isa = PBXNativeTarget;
			buildConfigurationList = 342AE92F1FA0D241008E3E05 /* Build configuration list for PBXNativeTarget "PhotosPickerDemo" */;
			buildPhases = (
				342AE9151FA0D241008E3E05 /* Sources */,
				342AE9161FA0D241008E3E05 /* Frameworks */,
				342AE9171FA0D241008E3E05 /* Resources */,
			);
			buildRules = (
			);
			dependencies = (
			);
			name = PhotosPickerDemo;
			productName = PhotosPickerDemo;
			productReference = 342AE9191FA0D241008E3E05 /* PhotosPickerDemo.app */;
			productType = "com.apple.product-type.application";
		};
/* End PBXNativeTarget section */

/* Begin PBXProject section */
		342AE9111FA0D241008E3E05 /* Project object */ = {
			isa = PBXProject;
			attributes = {
				LastUpgradeCheck = 0900;
				ORGANIZATIONNAME = "张诗健";
				TargetAttributes = {
					342AE9181FA0D241008E3E05 = {
						CreatedOnToolsVersion = 9.0;
						ProvisioningStyle = Automatic;
					};
				};
			};
			buildConfigurationList = 342AE9141FA0D241008E3E05 /* Build configuration list for PBXProject "PhotosPickerDemo" */;
			compatibilityVersion = "Xcode 8.0";
			developmentRegion = en;
			hasScannedForEncodings = 0;
			knownRegions = (
				en,
				Base,
			);
			mainGroup = 342AE9101FA0D241008E3E05;
			productRefGroup = 342AE91A1FA0D241008E3E05 /* Products */;
			projectDirPath = "";
			projectRoot = "";
			targets = (
				342AE9181FA0D241008E3E05 /* PhotosPickerDemo */,
			);
		};
/* End PBXProject section */

/* Begin PBXResourcesBuildPhase section */
		342AE9171FA0D241008E3E05 /* Resources */ = {
			isa = PBXResourcesBuildPhase;
			buildActionMask = 2147483647;
			files = (
				342AE9291FA0D241008E3E05 /* LaunchScreen.storyboard in Resources */,
				342AE9261FA0D241008E3E05 /* Assets.xcassets in Resources */,
				342AE9241FA0D241008E3E05 /* Main.storyboard in Resources */,
			);
			runOnlyForDeploymentPostprocessing = 0;
		};
/* End PBXResourcesBuildPhase section */

/* Begin PBXSourcesBuildPhase section */
		342AE9151FA0D241008E3E05 /* Sources */ = {
			isa = PBXSourcesBuildPhase;
			buildActionMask = 2147483647;
			files = (
				342AE9341FA0D656008E3E05 /* PhotoCell.m in Sources */,
				1A2A59C81FA175DD00C9A35C /* PhotoAssetManager.m in Sources */,
				1A2A59CB1FA17C2D00C9A35C /* UIImage+extend.m in Sources */,
				342AE9211FA0D241008E3E05 /* ViewController.m in Sources */,
				342AE92C1FA0D241008E3E05 /* main.m in Sources */,
				342AE9371FA0DAC1008E3E05 /* PhotoPickerViewController.m in Sources */,
				342AE91E1FA0D241008E3E05 /* AppDelegate.m in Sources */,
			);
			runOnlyForDeploymentPostprocessing = 0;
		};
/* End PBXSourcesBuildPhase section */

/* Begin PBXVariantGroup section */
		342AE9221FA0D241008E3E05 /* Main.storyboard */ = {
			isa = PBXVariantGroup;
			children = (
				342AE9231FA0D241008E3E05 /* Base */,
			);
			name = Main.storyboard;
			sourceTree = "<group>";
		};
		342AE9271FA0D241008E3E05 /* LaunchScreen.storyboard */ = {
			isa = PBXVariantGroup;
			children = (
				342AE9281FA0D241008E3E05 /* Base */,
			);
			name = LaunchScreen.storyboard;
			sourceTree = "<group>";
		};
/* End PBXVariantGroup section */

/* Begin XCBuildConfiguration section */
		342AE92D1FA0D241008E3E05 /* Debug */ = {
			isa = XCBuildConfiguration;
			buildSettings = {
				ALWAYS_SEARCH_USER_PATHS = NO;
				CLANG_ANALYZER_NONNULL = YES;
				CLANG_ANALYZER_NUMBER_OBJECT_CONVERSION = YES_AGGRESSIVE;
				CLANG_CXX_LANGUAGE_STANDARD = "gnu++14";
				CLANG_CXX_LIBRARY = "libc++";
				CLANG_ENABLE_MODULES = YES;
				CLANG_ENABLE_OBJC_ARC = YES;
				CLANG_WARN_BLOCK_CAPTURE_AUTORELEASING = YES;
				CLANG_WARN_BOOL_CONVERSION = YES;
				CLANG_WARN_COMMA = YES;
				CLANG_WARN_CONSTANT_CONVERSION = YES;
				CLANG_WARN_DIRECT_OBJC_ISA_USAGE = YES_ERROR;
				CLANG_WARN_DOCUMENTATION_COMMENTS = YES;
				CLANG_WARN_EMPTY_BODY = YES;
				CLANG_WARN_ENUM_CONVERSION = YES;
				CLANG_WARN_INFINITE_RECURSION = YES;
				CLANG_WARN_INT_CONVERSION = YES;
				CLANG_WARN_NON_LITERAL_NULL_CONVERSION = YES;
				CLANG_WARN_OBJC_LITERAL_CONVERSION = YES;
				CLANG_WARN_OBJC_ROOT_CLASS = YES_ERROR;
				CLANG_WARN_RANGE_LOOP_ANALYSIS = YES;
				CLANG_WARN_STRICT_PROTOTYPES = YES;
				CLANG_WARN_SUSPICIOUS_MOVE = YES;
				CLANG_WARN_UNGUARDED_AVAILABILITY = YES_AGGRESSIVE;
				CLANG_WARN_UNREACHABLE_CODE = YES;
				CLANG_WARN__DUPLICATE_METHOD_MATCH = YES;
				CODE_SIGN_IDENTITY = "iPhone Developer";
				COPY_PHASE_STRIP = NO;
				DEBUG_INFORMATION_FORMAT = dwarf;
				ENABLE_STRICT_OBJC_MSGSEND = YES;
				ENABLE_TESTABILITY = YES;
				GCC_C_LANGUAGE_STANDARD = gnu11;
				GCC_DYNAMIC_NO_PIC = NO;
				GCC_NO_COMMON_BLOCKS = YES;
				GCC_OPTIMIZATION_LEVEL = 0;
				GCC_PREPROCESSOR_DEFINITIONS = (
					"DEBUG=1",
					"$(inherited)",
				);
				GCC_WARN_64_TO_32_BIT_CONVERSION = YES;
				GCC_WARN_ABOUT_RETURN_TYPE = YES_ERROR;
				GCC_WARN_UNDECLARED_SELECTOR = YES;
				GCC_WARN_UNINITIALIZED_AUTOS = YES_AGGRESSIVE;
				GCC_WARN_UNUSED_FUNCTION = YES;
				GCC_WARN_UNUSED_VARIABLE = YES;
				IPHONEOS_DEPLOYMENT_TARGET = 8.0;
				MTL_ENABLE_DEBUG_INFO = YES;
				ONLY_ACTIVE_ARCH = YES;
				SDKROOT = iphoneos;
			};
			name = Debug;
		};
		342AE92E1FA0D241008E3E05 /* Release */ = {
			isa = XCBuildConfiguration;
			buildSettings = {
				ALWAYS_SEARCH_USER_PATHS = NO;
				CLANG_ANALYZER_NONNULL = YES;
				CLANG_ANALYZER_NUMBER_OBJECT_CONVERSION = YES_AGGRESSIVE;
				CLANG_CXX_LANGUAGE_STANDARD = "gnu++14";
				CLANG_CXX_LIBRARY = "libc++";
				CLANG_ENABLE_MODULES = YES;
				CLANG_ENABLE_OBJC_ARC = YES;
				CLANG_WARN_BLOCK_CAPTURE_AUTORELEASING = YES;
				CLANG_WARN_BOOL_CONVERSION = YES;
				CLANG_WARN_COMMA = YES;
				CLANG_WARN_CONSTANT_CONVERSION = YES;
				CLANG_WARN_DIRECT_OBJC_ISA_USAGE = YES_ERROR;
				CLANG_WARN_DOCUMENTATION_COMMENTS = YES;
				CLANG_WARN_EMPTY_BODY = YES;
				CLANG_WARN_ENUM_CONVERSION = YES;
				CLANG_WARN_INFINITE_RECURSION = YES;
				CLANG_WARN_INT_CONVERSION = YES;
				CLANG_WARN_NON_LITERAL_NULL_CONVERSION = YES;
				CLANG_WARN_OBJC_LITERAL_CONVERSION = YES;
				CLANG_WARN_OBJC_ROOT_CLASS = YES_ERROR;
				CLANG_WARN_RANGE_LOOP_ANALYSIS = YES;
				CLANG_WARN_STRICT_PROTOTYPES = YES;
				CLANG_WARN_SUSPICIOUS_MOVE = YES;
				CLANG_WARN_UNGUARDED_AVAILABILITY = YES_AGGRESSIVE;
				CLANG_WARN_UNREACHABLE_CODE = YES;
				CLANG_WARN__DUPLICATE_METHOD_MATCH = YES;
				CODE_SIGN_IDENTITY = "iPhone Developer";
				COPY_PHASE_STRIP = NO;
				DEBUG_INFORMATION_FORMAT = "dwarf-with-dsym";
				ENABLE_NS_ASSERTIONS = NO;
				ENABLE_STRICT_OBJC_MSGSEND = YES;
				GCC_C_LANGUAGE_STANDARD = gnu11;
				GCC_NO_COMMON_BLOCKS = YES;
				GCC_WARN_64_TO_32_BIT_CONVERSION = YES;
				GCC_WARN_ABOUT_RETURN_TYPE = YES_ERROR;
				GCC_WARN_UNDECLARED_SELECTOR = YES;
				GCC_WARN_UNINITIALIZED_AUTOS = YES_AGGRESSIVE;
				GCC_WARN_UNUSED_FUNCTION = YES;
				GCC_WARN_UNUSED_VARIABLE = YES;
				IPHONEOS_DEPLOYMENT_TARGET = 8.0;
				MTL_ENABLE_DEBUG_INFO = NO;
				SDKROOT = iphoneos;
				VALIDATE_PRODUCT = YES;
			};
			name = Release;
		};
		342AE9301FA0D241008E3E05 /* Debug */ = {
			isa = XCBuildConfiguration;
			buildSettings = {
				ASSETCATALOG_COMPILER_APPICON_NAME = AppIcon;
				CODE_SIGN_STYLE = Automatic;
				DEVELOPMENT_TEAM = TZ9R55GK8Q;
				INFOPLIST_FILE = PhotosPickerDemo/Info.plist;
				IPHONEOS_DEPLOYMENT_TARGET = 8.0;
				LD_RUNPATH_SEARCH_PATHS = "$(inherited) @executable_path/Frameworks";
				PRODUCT_BUNDLE_IDENTIFIER = com.shijian.PhotosPickerDemo;
				PRODUCT_NAME = "$(TARGET_NAME)";
				TARGETED_DEVICE_FAMILY = "1,2";
			};
			name = Debug;
		};
		342AE9311FA0D241008E3E05 /* Release */ = {
			isa = XCBuildConfiguration;
			buildSettings = {
				ASSETCATALOG_COMPILER_APPICON_NAME = AppIcon;
				CODE_SIGN_STYLE = Automatic;
				DEVELOPMENT_TEAM = TZ9R55GK8Q;
				INFOPLIST_FILE = PhotosPickerDemo/Info.plist;
				IPHONEOS_DEPLOYMENT_TARGET = 8.0;
				LD_RUNPATH_SEARCH_PATHS = "$(inherited) @executable_path/Frameworks";
				PRODUCT_BUNDLE_IDENTIFIER = com.shijian.PhotosPickerDemo;
				PRODUCT_NAME = "$(TARGET_NAME)";
				TARGETED_DEVICE_FAMILY = "1,2";
			};
			name = Release;
		};
/* End XCBuildConfiguration section */

/* Begin XCConfigurationList section */
		342AE9141FA0D241008E3E05 /* Build configuration list for PBXProject "PhotosPickerDemo" */ = {
			isa = XCConfigurationList;
			buildConfigurations = (
				342AE92D1FA0D241008E3E05 /* Debug */,
				342AE92E1FA0D241008E3E05 /* Release */,
			);
			defaultConfigurationIsVisible = 0;
			defaultConfigurationName = Release;
		};
		342AE92F1FA0D241008E3E05 /* Build configuration list for PBXNativeTarget "PhotosPickerDemo" */ = {
			isa = XCConfigurationList;
			buildConfigurations = (
				342AE9301FA0D241008E3E05 /* Debug */,
				342AE9311FA0D241008E3E05 /* Release */,
			);
			defaultConfigurationIsVisible = 0;
			defaultConfigurationName = Release;
		};
/* End XCConfigurationList section */
	};
	rootObject = 342AE9111FA0D241008E3E05 /* Project object */;
}
